{
    "marker": "~",
    "patterns": [
        "Climbing",
        "Accelerometer",
        "Chat",
        "Overgrowth",
        "Character",
        "Server",
        "SoundsData",
        "SpeakingDistance",
        "Market",
        "Map",
        "Sword",
        "PhysicsParts",
        "Ghosttown",
        "Particle",
        "ScreenSize",
        "Count",
        "Signals",
        "Gyroscope",
        "None",
        "IsStudio",
        "PeakFriends",
        "Ping",
        "Friends",
        "Swimming",
        "Memory",
        "5:3",
        "Send",
        "Network",
        "SoundsStreaming",
        "HttpCache",
        "Ferrari",
        "EventsPerMinute",
        "Running",
        "Sandwich",
        "Touch",
        "Receive",
        "Gamepad",
        "State",
        "5:4",
        "MeshPart",
        "X",
        "Ford",
        "Platform",
        "Gamepasses",
        "Mass",
        "Dead",
        "CSG",
        "GettingUp",
        "ScreenRatio",
        "AccountAge",
        "IsDead",
        "Cars",
        "Health",
        "Booth",
        "Version",
        "Event",
        "Keyboard",
        "Flying",
        "Session",
        "RunningNoPhysics",
        "Potato",
        "4:3",
        "Team",
        "PhysicsCollision",
        "TerrainVoxels",
        "Seated",
        "Pathfinding",
        "Mouse",
        "16:9",
        "Physics",
        "Chevy",
        "MaxHealth",
        "Part",
        "Instances",
        "Gun",
        "Id",
        "Duration",
        "WalkSpeed",
        "StrafingNoPhysics",
        "TerrainGraphics",
        "Population",
        "Bike",
        "RobloxLangugage",
        "nightcycle",
        "MovingParts",
        "16:10",
        "Ragdoll",
        "Truck",
        "Major",
        "ServerTime",
        "Position",
        "Performance",
        "Jumping",
        "Groups",
        "Deaths",
        "HeartRate",
        "Build",
        "FPS",
        "Demographics",
        "Dunes",
        "Place",
        "PlatformStanding",
        "Data",
        "Script",
        "SpatialHash",
        "Weapons",
        "Gamepass",
        "CharacterTextures",
        "FallingDown",
        "Index",
        "Guis",
        "Laser",
        "9:16",
        "Product",
        "User",
        "Altitude",
        "3:2",
        "Gameplay",
        "Internal",
        "Spending",
        "Total",
        "Y",
        "JumpPower",
        "LuaHeap",
        "Landed",
        "uncommon",
        "LastMessage",
        "Textures",
        "Freefall",
        "Client",
        "SystemLanguage",
        "Height",
        "Military Base",
        "boombox",
        "Animations",
        "Minor",
        "Patch",
        "Name",
        "Purchase",
        "Price",
        "credit_purchase",
        "Knife",
        "Crossbow",
        "Car",
        "Plane",
        "Boat",
        "Vehicles"
    ],
    "dictionary": {
        "properties": {
            "Patch": "~$>",
            "Session": "~#&",
            "Id": "~#7",
            "Minor": "~$=",
            "Build": "~#M",
            "Duration": "~#8",
            "User": "~$'",
            "Index": "~$!",
            "Event": "~##",
            "Plane": "~$F",
            "Car": "~$E",
            "IsStudio": "~6",
            "Total": "~$-",
            "Version": "~Z",
            "Vehicles": "~$H",
            "Major": "~#E",
            "Bike": "~#>",
            "Boat": "~$G",
            "Place": "~#Q",
            "Weapons": "~#V"
        },
        "values": {
            "Weapons": {
                "Gun": "~#6",
                "Sword": "~-",
                "Knife": "~$C",
                "Crossbow": "~$D"
            }
        }
    },
    "arrays": {
        "Vehicles": [
            "Bike",
            "Car",
            "Boat",
            "Plane"
        ]
    }
}